// !$*UTF8*$!
{
	archiveVersion = 1;
	classes = {
	};
	objectVersion = 50;
	objects = {

/* Begin PBXBuildFile section */
		84C039F321236BE00097D405 /* AppDelegate.swift in Sources */ = {isa = PBXBuildFile; fileRef = 84C039F221236BE00097D405 /* AppDelegate.swift */; };
		84C039F521236BE00097D405 /* ViewController.swift in Sources */ = {isa = PBXBuildFile; fileRef = 84C039F421236BE00097D405 /* ViewController.swift */; };
		84C039F821236BE00097D405 /* Main.storyboard in Resources */ = {isa = PBXBuildFile; fileRef = 84C039F621236BE00097D405 /* Main.storyboard */; };
		84C039FA21236BE20097D405 /* Assets.xcassets in Resources */ = {isa = PBXBuildFile; fileRef = 84C039F921236BE20097D405 /* Assets.xcassets */; };
		84C039FD21236BE20097D405 /* LaunchScreen.storyboard in Resources */ = {isa = PBXBuildFile; fileRef = 84C039FB21236BE20097D405 /* LaunchScreen.storyboard */; };
		84C03A0821236BE20097D405 /* TumblrTests.swift in Sources */ = {isa = PBXBuildFile; fileRef = 84C03A0721236BE20097D405 /* TumblrTests.swift */; };
		84C03A1321236BE20097D405 /* TumblrUITests.swift in Sources */ = {isa = PBXBuildFile; fileRef = 84C03A1221236BE20097D405 /* TumblrUITests.swift */; };
/* End PBXBuildFile section */

/* Begin PBXContainerItemProxy section */
		84C03A0421236BE20097D405 /* PBXContainerItemProxy */ = {
			isa = PBXContainerItemProxy;
			containerPortal = 84C039E721236BE00097D405 /* Project object */;
			proxyType = 1;
			remoteGlobalIDString = 84C039EE21236BE00097D405;
			remoteInfo = Tumblr;
		};
		84C03A0F21236BE20097D405 /* PBXContainerItemProxy */ = {
			isa = PBXContainerItemProxy;
			containerPortal = 84C039E721236BE00097D405 /* Project object */;
			proxyType = 1;
			remoteGlobalIDString = 84C039EE21236BE00097D405;
			remoteInfo = Tumblr;
		};
/* End PBXContainerItemProxy section */

/* Begin PBXFileReference section */
		84C039EF21236BE00097D405 /* Tumblr.app */ = {isa = PBXFileReference; explicitFileType = wrapper.application; includeInIndex = 0; path = Tumblr.app; sourceTree = BUILT_PRODUCTS_DIR; };
		84C039F221236BE00097D405 /* AppDelegate.swift */ = {isa = PBXFileReference; lastKnownFileType = sourcecode.swift; path = AppDelegate.swift; sourceTree = "<group>"; };
		84C039F421236BE00097D405 /* ViewController.swift */ = {isa = PBXFileReference; lastKnownFileType = sourcecode.swift; path = ViewController.swift; sourceTree = "<group>"; };
		84C039F721236BE00097D405 /* Base */ = {isa = PBXFileReference; lastKnownFileType = file.storyboard; name = Base; path = Base.lproj/Main.storyboard; sourceTree = "<group>"; };
		84C039F921236BE20097D405 /* Assets.xcassets */ = {isa = PBXFileReference; lastKnownFileType = folder.assetcatalog; path = Assets.xcassets; sourceTree = "<group>"; };
		84C039FC21236BE20097D405 /* Base */ = {isa = PBXFileReference; lastKnownFileType = file.storyboard; name = Base; path = Base.lproj/LaunchScreen.storyboard; sourceTree = "<group>"; };
		84C039FE21236BE20097D405 /* Info.plist */ = {isa = PBXFileReference; lastKnownFileType = text.plist.xml; path = Info.plist; sourceTree = "<group>"; };
		84C03A0321236BE20097D405 /* TumblrTests.xctest */ = {isa = PBXFileReference; explicitFileType = wrapper.cfbundle; includeInIndex = 0; path = TumblrTests.xctest; sourceTree = BUILT_PRODUCTS_DIR; };
		84C03A0721236BE20097D405 /* TumblrTests.swift */ = {isa = PBXFileReference; lastKnownFileType = sourcecode.swift; path = TumblrTests.swift; sourceTree = "<group>"; };
		84C03A0921236BE20097D405 /* Info.plist */ = {isa = PBXFileReference; lastKnownFileType = text.plist.xml; path = Info.plist; sourceTree = "<group>"; };
		84C03A0E21236BE20097D405 /* TumblrUITests.xctest */ = {isa = PBXFileReference; explicitFileType = wrapper.cfbundle; includeInIndex = 0; path = TumblrUITests.xctest; sourceTree = BUILT_PRODUCTS_DIR; };
		84C03A1221236BE20097D405 /* TumblrUITests.swift */ = {isa = PBXFileReference; lastKnownFileType = sourcecode.swift; path = TumblrUITests.swift; sourceTree = "<group>"; };
		84C03A1421236BE20097D405 /* Info.plist */ = {isa = PBXFileReference; lastKnownFileType = text.plist.xml; path = Info.plist; sourceTree = "<group>"; };
/* End PBXFileReference section */

/* Begin PBXFrameworksBuildPhase section */
		84C039EC21236BE00097D405 /* Frameworks */ = {
			isa = PBXFrameworksBuildPhase;
			buildActionMask = 2147483647;
			files = (
			);
			runOnlyForDeploymentPostprocessing = 0;
		};
		84C03A0021236BE20097D405 /* Frameworks */ = {
			isa = PBXFrameworksBuildPhase;
			buildActionMask = 2147483647;
			files = (
			);
			runOnlyForDeploymentPostprocessing = 0;
		};
		84C03A0B21236BE20097D405 /* Frameworks */ = {
			isa = PBXFrameworksBuildPhase;
			buildActionMask = 2147483647;
			files = (
			);
			runOnlyForDeploymentPostprocessing = 0;
		};
/* End PBXFrameworksBuildPhase section */

/* Begin PBXGroup section */
		84C039E621236BE00097D405 = {
			isa = PBXGroup;
			children = (
				84C039F121236BE00097D405 /* Tumblr */,
				84C03A0621236BE20097D405 /* TumblrTests */,
				84C03A1121236BE20097D405 /* TumblrUITests */,
				84C039F021236BE00097D405 /* Products */,
			);
			sourceTree = "<group>";
		};
		84C039F021236BE00097D405 /* Products */ = {
			isa = PBXGroup;
			children = (
				84C039EF21236BE00097D405 /* Tumblr.app */,
				84C03A0321236BE20097D405 /* TumblrTests.xctest */,
				84C03A0E21236BE20097D405 /* TumblrUITests.xctest */,
			);
			name = Products;
			sourceTree = "<group>";
		};
		84C039F121236BE00097D405 /* Tumblr */ = {
			isa = PBXGroup;
			children = (
				84C039F221236BE00097D405 /* AppDelegate.swift */,
				84C039F421236BE00097D405 /* ViewController.swift */,
				84C039F621236BE00097D405 /* Main.storyboard */,
				84C039F921236BE20097D405 /* Assets.xcassets */,
				84C039FB21236BE20097D405 /* LaunchScreen.storyboard */,
				84C039FE21236BE20097D405 /* Info.plist */,
			);
			path = Tumblr;
			sourceTree = "<group>";
		};
		84C03A0621236BE20097D405 /* TumblrTests */ = {
			isa = PBXGroup;
			children = (
				84C03A0721236BE20097D405 /* TumblrTests.swift */,
				84C03A0921236BE20097D405 /* Info.plist */,
			);
			path = TumblrTests;
			sourceTree = "<group>";
		};
		84C03A1121236BE20097D405 /* TumblrUITests */ = {
			isa = PBXGroup;
			children = (
				84C03A1221236BE20097D405 /* TumblrUITests.swift */,
				84C03A1421236BE20097D405 /* Info.plist */,
			);
			path = TumblrUITests;
			sourceTree = "<group>";
		};
/* End PBXGroup section */

/* Begin PBXNativeTarget section */
		84C039EE21236BE00097D405 /* Tumblr */ = {
			isa = PBXNativeTarget;
			buildConfigurationList = 84C03A1721236BE20097D405 /* Build configuration list for PBXNativeTarget "Tumblr" */;
			buildPhases = (
				84C039EB21236BE00097D405 /* Sources */,
				84C039EC21236BE00097D405 /* Frameworks */,
				84C039ED21236BE00097D405 /* Resources */,
			);
			buildRules = (
			);
			dependencies = (
			);
			name = Tumblr;
			productName = Tumblr;
			productReference = 84C039EF21236BE00097D405 /* Tumblr.app */;
			productType = "com.apple.product-type.application";
		};
		84C03A0221236BE20097D405 /* TumblrTests */ = {
			isa = PBXNativeTarget;
			buildConfigurationList = 84C03A1A21236BE20097D405 /* Build configuration list for PBXNativeTarget "TumblrTests" */;
			buildPhases = (
				84C039FF21236BE20097D405 /* Sources */,
				84C03A0021236BE20097D405 /* Frameworks */,
				84C03A0121236BE20097D405 /* Resources */,
			);
			buildRules = (
			);
			dependencies = (
				84C03A0521236BE20097D405 /* PBXTargetDependency */,
			);
			name = TumblrTests;
			productName = TumblrTests;
			productReference = 84C03A0321236BE20097D405 /* TumblrTests.xctest */;
			productType = "com.apple.product-type.bundle.unit-test";
		};
		84C03A0D21236BE20097D405 /* TumblrUITests */ = {
			isa = PBXNativeTarget;
			buildConfigurationList = 84C03A1D21236BE20097D405 /* Build configuration list for PBXNativeTarget "TumblrUITests" */;
			buildPhases = (
				84C03A0A21236BE20097D405 /* Sources */,
				84C03A0B21236BE20097D405 /* Frameworks */,
				84C03A0C21236BE20097D405 /* Resources */,
			);
			buildRules = (
			);
			dependencies = (
				84C03A1021236BE20097D405 /* PBXTargetDependency */,
			);
			name = TumblrUITests;
			productName = TumblrUITests;
			productReference = 84C03A0E21236BE20097D405 /* TumblrUITests.xctest */;
			productType = "com.apple.product-type.bundle.ui-testing";
		};
/* End PBXNativeTarget section */

/* Begin PBXProject section */
		84C039E721236BE00097D405 /* Project object */ = {
			isa = PBXProject;
			attributes = {
				LastSwiftUpdateCheck = 0940;
				LastUpgradeCheck = 0940;
				ORGANIZATIONNAME = "Malika Niazi";
				TargetAttributes = {
					84C039EE21236BE00097D405 = {
						CreatedOnToolsVersion = 9.4.1;
					};
					84C03A0221236BE20097D405 = {
						CreatedOnToolsVersion = 9.4.1;
						TestTargetID = 84C039EE21236BE00097D405;
					};
					84C03A0D21236BE20097D405 = {
						CreatedOnToolsVersion = 9.4.1;
						TestTargetID = 84C039EE21236BE00097D405;
					};
				};
			};
			buildConfigurationList = 84C039EA21236BE00097D405 /* Build configuration list for PBXProject "Tumblr" */;
			compatibilityVersion = "Xcode 9.3";
			developmentRegion = en;
			hasScannedForEncodings = 0;
			knownRegions = (
				en,
				Base,
			);
			mainGroup = 84C039E621236BE00097D405;
			productRefGroup = 84C039F021236BE00097D405 /* Products */;
			projectDirPath = "";
			projectRoot = "";
			targets = (
				84C039EE21236BE00097D405 /* Tumblr */,
				84C03A0221236BE20097D405 /* TumblrTests */,
				84C03A0D21236BE20097D405 /* TumblrUITests */,
			);
		};
/* End PBXProject section */

/* Begin PBXResourcesBuildPhase section */
		84C039ED21236BE00097D405 /* Resources */ = {
			isa = PBXResourcesBuildPhase;
			buildActionMask = 2147483647;
			files = (
				84C039FD21236BE20097D405 /* LaunchScreen.storyboard in Resources */,
				84C039FA21236BE20097D405 /* Assets.xcassets in Resources */,
				84C039F821236BE00097D405 /* Main.storyboard in Resources */,
			);
			runOnlyForDeploymentPostprocessing = 0;
		};
		84C03A0121236BE20097D405 /* Resources */ = {
			isa = PBXResourcesBuildPhase;
			buildActionMask = 2147483647;
			files = (
			);
			runOnlyForDeploymentPostprocessing = 0;
		};
		84C03A0C21236BE20097D405 /* Resources */ = {
			isa = PBXResourcesBuildPhase;
			buildActionMask = 2147483647;
			files = (
			);
			runOnlyForDeploymentPostprocessing = 0;
		};
/* End PBXResourcesBuildPhase section */

/* Begin PBXSourcesBuildPhase section */
		84C039EB21236BE00097D405 /* Sources */ = {
			isa = PBXSourcesBuildPhase;
			buildActionMask = 2147483647;
			files = (
				84C039F521236BE00097D405 /* ViewController.swift in Sources */,
				84C039F321236BE00097D405 /* AppDelegate.swift in Sources */,
			);
			runOnlyForDeploymentPostprocessing = 0;
		};
		84C039FF21236BE20097D405 /* Sources */ = {
			isa = PBXSourcesBuildPhase;
			buildActionMask = 2147483647;
			files = (
				84C03A0821236BE20097D405 /* TumblrTests.swift in Sources */,
			);
			runOnlyForDeploymentPostprocessing = 0;
		};
		84C03A0A21236BE20097D405 /* Sources */ = {
			isa = PBXSourcesBuildPhase;
			buildActionMask = 2147483647;
			files = (
				84C03A1321236BE20097D405 /* TumblrUITests.swift in Sources */,
			);
			runOnlyForDeploymentPostprocessing = 0;
		};
/* End PBXSourcesBuildPhase section */

/* Begin PBXTargetDependency section */
		84C03A0521236BE20097D405 /* PBXTargetDependency */ = {
			isa = PBXTargetDependency;
			target = 84C039EE21236BE00097D405 /* Tumblr */;
			targetProxy = 84C03A0421236BE20097D405 /* PBXContainerItemProxy */;
		};
		84C03A1021236BE20097D405 /* PBXTargetDependency */ = {
			isa = PBXTargetDependency;
			target = 84C039EE21236BE00097D405 /* Tumblr */;
			targetProxy = 84C03A0F21236BE20097D405 /* PBXContainerItemProxy */;
		};
/* End PBXTargetDependency section */

/* Begin PBXVariantGroup section */
		84C039F621236BE00097D405 /* Main.storyboard */ = {
			isa = PBXVariantGroup;
			children = (
				84C039F721236BE00097D405 /* Base */,
			);
			name = Main.storyboard;
			sourceTree = "<group>";
		};
		84C039FB21236BE20097D405 /* LaunchScreen.storyboard */ = {
			isa = PBXVariantGroup;
			children = (
				84C039FC21236BE20097D405 /* Base */,
			);
			name = LaunchScreen.storyboard;
			sourceTree = "<group>";
		};
/* End PBXVariantGroup section */

/* Begin XCBuildConfiguration section */
		84C03A1521236BE20097D405 /* Debug */ = {
			isa = XCBuildConfiguration;
			buildSettings = {
				ALWAYS_SEARCH_USER_PATHS = NO;
				CLANG_ANALYZER_NONNULL = YES;
				CLANG_ANALYZER_NUMBER_OBJECT_CONVERSION = YES_AGGRESSIVE;
				CLANG_CXX_LANGUAGE_STANDARD = "gnu++14";
				CLANG_CXX_LIBRARY = "libc++";
				CLANG_ENABLE_MODULES = YES;
				CLANG_ENABLE_OBJC_ARC = YES;
				CLANG_ENABLE_OBJC_WEAK = YES;
				CLANG_WARN_BLOCK_CAPTURE_AUTORELEASING = YES;
				CLANG_WARN_BOOL_CONVERSION = YES;
				CLANG_WARN_COMMA = YES;
				CLANG_WARN_CONSTANT_CONVERSION = YES;
				CLANG_WARN_DEPRECATED_OBJC_IMPLEMENTATIONS = YES;
				CLANG_WARN_DIRECT_OBJC_ISA_USAGE = YES_ERROR;
				CLANG_WARN_DOCUMENTATION_COMMENTS = YES;
				CLANG_WARN_EMPTY_BODY = YES;
				CLANG_WARN_ENUM_CONVERSION = YES;
				CLANG_WARN_INFINITE_RECURSION = YES;
				CLANG_WARN_INT_CONVERSION = YES;
				CLANG_WARN_NON_LITERAL_NULL_CONVERSION = YES;
				CLANG_WARN_OBJC_IMPLICIT_RETAIN_SELF = YES;
				CLANG_WARN_OBJC_LITERAL_CONVERSION = YES;
				CLANG_WARN_OBJC_ROOT_CLASS = YES_ERROR;
				CLANG_WARN_RANGE_LOOP_ANALYSIS = YES;
				CLANG_WARN_STRICT_PROTOTYPES = YES;
				CLANG_WARN_SUSPICIOUS_MOVE = YES;
				CLANG_WARN_UNGUARDED_AVAILABILITY = YES_AGGRESSIVE;
				CLANG_WARN_UNREACHABLE_CODE = YES;
				CLANG_WARN__DUPLICATE_METHOD_MATCH = YES;
				CODE_SIGN_IDENTITY = "iPhone Developer";
				COPY_PHASE_STRIP = NO;
				DEBUG_INFORMATION_FORMAT = dwarf;
				ENABLE_STRICT_OBJC_MSGSEND = YES;
				ENABLE_TESTABILITY = YES;
				GCC_C_LANGUAGE_STANDARD = gnu11;
				GCC_DYNAMIC_NO_PIC = NO;
				GCC_NO_COMMON_BLOCKS = YES;
				GCC_OPTIMIZATION_LEVEL = 0;
				GCC_PREPROCESSOR_DEFINITIONS = (
					"DEBUG=1",
					"$(inherited)",
				);
				GCC_WARN_64_TO_32_BIT_CONVERSION = YES;
				GCC_WARN_ABOUT_RETURN_TYPE = YES_ERROR;
				GCC_WARN_UNDECLARED_SELECTOR = YES;
				GCC_WARN_UNINITIALIZED_AUTOS = YES_AGGRESSIVE;
				GCC_WARN_UNUSED_FUNCTION = YES;
				GCC_WARN_UNUSED_VARIABLE = YES;
				IPHONEOS_DEPLOYMENT_TARGET = 11.4;
				MTL_ENABLE_DEBUG_INFO = YES;
				ONLY_ACTIVE_ARCH = YES;
				SDKROOT = iphoneos;
				SWIFT_ACTIVE_COMPILATION_CONDITIONS = DEBUG;
				SWIFT_OPTIMIZATION_LEVEL = "-Onone";
			};
			name = Debug;
		};
		84C03A1621236BE20097D405 /* Release */ = {
			isa = XCBuildConfiguration;
			buildSettings = {
				ALWAYS_SEARCH_USER_PATHS = NO;
				CLANG_ANALYZER_NONNULL = YES;
				CLANG_ANALYZER_NUMBER_OBJECT_CONVERSION = YES_AGGRESSIVE;
				CLANG_CXX_LANGUAGE_STANDARD = "gnu++14";
				CLANG_CXX_LIBRARY = "libc++";
				CLANG_ENABLE_MODULES = YES;
				CLANG_ENABLE_OBJC_ARC = YES;
				CLANG_ENABLE_OBJC_WEAK = YES;
				CLANG_WARN_BLOCK_CAPTURE_AUTORELEASING = YES;
				CLANG_WARN_BOOL_CONVERSION = YES;
				CLANG_WARN_COMMA = YES;
				CLANG_WARN_CONSTANT_CONVERSION = YES;
				CLANG_WARN_DEPRECATED_OBJC_IMPLEMENTATIONS = YES;
				CLANG_WARN_DIRECT_OBJC_ISA_USAGE = YES_ERROR;
				CLANG_WARN_DOCUMENTATION_COMMENTS = YES;
				CLANG_WARN_EMPTY_BODY = YES;
				CLANG_WARN_ENUM_CONVERSION = YES;
				CLANG_WARN_INFINITE_RECURSION = YES;
				CLANG_WARN_INT_CONVERSION = YES;
				CLANG_WARN_NON_LITERAL_NULL_CONVERSION = YES;
				CLANG_WARN_OBJC_IMPLICIT_RETAIN_SELF = YES;
				CLANG_WARN_OBJC_LITERAL_CONVERSION = YES;
				CLANG_WARN_OBJC_ROOT_CLASS = YES_ERROR;
				CLANG_WARN_RANGE_LOOP_ANALYSIS = YES;
				CLANG_WARN_STRICT_PROTOTYPES = YES;
				CLANG_WARN_SUSPICIOUS_MOVE = YES;
				CLANG_WARN_UNGUARDED_AVAILABILITY = YES_AGGRESSIVE;
				CLANG_WARN_UNREACHABLE_CODE = YES;
				CLANG_WARN__DUPLICATE_METHOD_MATCH = YES;
				CODE_SIGN_IDENTITY = "iPhone Developer";
				COPY_PHASE_STRIP = NO;
				DEBUG_INFORMATION_FORMAT = "dwarf-with-dsym";
				ENABLE_NS_ASSERTIONS = NO;
				ENABLE_STRICT_OBJC_MSGSEND = YES;
				GCC_C_LANGUAGE_STANDARD = gnu11;
				GCC_NO_COMMON_BLOCKS = YES;
				GCC_WARN_64_TO_32_BIT_CONVERSION = YES;
				GCC_WARN_ABOUT_RETURN_TYPE = YES_ERROR;
				GCC_WARN_UNDECLARED_SELECTOR = YES;
				GCC_WARN_UNINITIALIZED_AUTOS = YES_AGGRESSIVE;
				GCC_WARN_UNUSED_FUNCTION = YES;
				GCC_WARN_UNUSED_VARIABLE = YES;
				IPHONEOS_DEPLOYMENT_TARGET = 11.4;
				MTL_ENABLE_DEBUG_INFO = NO;
				SDKROOT = iphoneos;
				SWIFT_COMPILATION_MODE = wholemodule;
				SWIFT_OPTIMIZATION_LEVEL = "-O";
				VALIDATE_PRODUCT = YES;
			};
			name = Release;
		};
		84C03A1821236BE20097D405 /* Debug */ = {
			isa = XCBuildConfiguration;
			buildSettings = {
				ASSETCATALOG_COMPILER_APPICON_NAME = AppIcon;
				CODE_SIGN_STYLE = Automatic;
				DEVELOPMENT_TEAM = 67TN4UPPNC;
				INFOPLIST_FILE = Tumblr/Info.plist;
				LD_RUNPATH_SEARCH_PATHS = (
					"$(inherited)",
					"@executable_path/Frameworks",
				);
				PRODUCT_BUNDLE_IDENTIFIER = com.malikaniazi.Tumblr;
				PRODUCT_NAME = "$(TARGET_NAME)";
				SWIFT_VERSION = 4.0;
				TARGETED_DEVICE_FAMILY = "1,2";
			};
			name = Debug;
		};
		84C03A1921236BE20097D405 /* Release */ = {
			isa = XCBuildConfiguration;
			buildSettings = {
				ASSETCATALOG_COMPILER_APPICON_NAME = AppIcon;
				CODE_SIGN_STYLE = Automatic;
				DEVELOPMENT_TEAM = 67TN4UPPNC;
				INFOPLIST_FILE = Tumblr/Info.plist;
				LD_RUNPATH_SEARCH_PATHS = (
					"$(inherited)",
					"@executable_path/Frameworks",
				);
				PRODUCT_BUNDLE_IDENTIFIER = com.malikaniazi.Tumblr;
				PRODUCT_NAME = "$(TARGET_NAME)";
				SWIFT_VERSION = 4.0;
				TARGETED_DEVICE_FAMILY = "1,2";
			};
			name = Release;
		};
		84C03A1B21236BE20097D405 /* Debug */ = {
			isa = XCBuildConfiguration;
			buildSettings = {
				ALWAYS_EMBED_SWIFT_STANDARD_LIBRARIES = YES;
				BUNDLE_LOADER = "$(TEST_HOST)";
				CODE_SIGN_STYLE = Automatic;
				DEVELOPMENT_TEAM = 67TN4UPPNC;
				INFOPLIST_FILE = TumblrTests/Info.plist;
				LD_RUNPATH_SEARCH_PATHS = (
					"$(inherited)",
					"@executable_path/Frameworks",
					"@loader_path/Frameworks",
				);
				PRODUCT_BUNDLE_IDENTIFIER = com.malikaniazi.TumblrTests;
				PRODUCT_NAME = "$(TARGET_NAME)";
				SWIFT_VERSION = 4.0;
				TARGETED_DEVICE_FAMILY = "1,2";
				TEST_HOST = "$(BUILT_PRODUCTS_DIR)/Tumblr.app/Tumblr";
			};
			name = Debug;
		};
		84C03A1C21236BE20097D405 /* Release */ = {
			isa = XCBuildConfiguration;
			buildSettings = {
				ALWAYS_EMBED_SWIFT_STANDARD_LIBRARIES = YES;
				BUNDLE_LOADER = "$(TEST_HOST)";
				CODE_SIGN_STYLE = Automatic;
				DEVELOPMENT_TEAM = 67TN4UPPNC;
				INFOPLIST_FILE = TumblrTests/Info.plist;
				LD_RUNPATH_SEARCH_PATHS = (
					"$(inherited)",
					"@executable_path/Frameworks",
					"@loader_path/Frameworks",
				);
				PRODUCT_BUNDLE_IDENTIFIER = com.malikaniazi.TumblrTests;
				PRODUCT_NAME = "$(TARGET_NAME)";
				SWIFT_VERSION = 4.0;
				TARGETED_DEVICE_FAMILY = "1,2";
				TEST_HOST = "$(BUILT_PRODUCTS_DIR)/Tumblr.app/Tumblr";
			};
			name = Release;
		};
		84C03A1E21236BE20097D405 /* Debug */ = {
			isa = XCBuildConfiguration;
			buildSettings = {
				ALWAYS_EMBED_SWIFT_STANDARD_LIBRARIES = YES;
				CODE_SIGN_STYLE = Automatic;
				DEVELOPMENT_TEAM = 67TN4UPPNC;
				INFOPLIST_FILE = TumblrUITests/Info.plist;
				LD_RUNPATH_SEARCH_PATHS = (
					"$(inherited)",
					"@executable_path/Frameworks",
					"@loader_path/Frameworks",
				);
				PRODUCT_BUNDLE_IDENTIFIER = com.malikaniazi.TumblrUITests;
				PRODUCT_NAME = "$(TARGET_NAME)";
				SWIFT_VERSION = 4.0;
				TARGETED_DEVICE_FAMILY = "1,2";
				TEST_TARGET_NAME = Tumblr;
			};
			name = Debug;
		};
		84C03A1F21236BE20097D405 /* Release */ = {
			isa = XCBuildConfiguration;
			buildSettings = {
				ALWAYS_EMBED_SWIFT_STANDARD_LIBRARIES = YES;
				CODE_SIGN_STYLE = Automatic;
				DEVELOPMENT_TEAM = 67TN4UPPNC;
				INFOPLIST_FILE = TumblrUITests/Info.plist;
				LD_RUNPATH_SEARCH_PATHS = (
					"$(inherited)",
					"@executable_path/Frameworks",
					"@loader_path/Frameworks",
				);
				PRODUCT_BUNDLE_IDENTIFIER = com.malikaniazi.TumblrUITests;
				PRODUCT_NAME = "$(TARGET_NAME)";
				SWIFT_VERSION = 4.0;
				TARGETED_DEVICE_FAMILY = "1,2";
				TEST_TARGET_NAME = Tumblr;
			};
			name = Release;
		};
/* End XCBuildConfiguration section */

/* Begin XCConfigurationList section */
		84C039EA21236BE00097D405 /* Build configuration list for PBXProject "Tumblr" */ = {
			isa = XCConfigurationList;
			buildConfigurations = (
				84C03A1521236BE20097D405 /* Debug */,
				84C03A1621236BE20097D405 /* Release */,
			);
			defaultConfigurationIsVisible = 0;
			defaultConfigurationName = Release;
		};
		84C03A1721236BE20097D405 /* Build configuration list for PBXNativeTarget "Tumblr" */ = {
			isa = XCConfigurationList;
			buildConfigurations = (
				84C03A1821236BE20097D405 /* Debug */,
				84C03A1921236BE20097D405 /* Release */,
			);
			defaultConfigurationIsVisible = 0;
			defaultConfigurationName = Release;
		};
		84C03A1A21236BE20097D405 /* Build configuration list for PBXNativeTarget "TumblrTests" */ = {
			isa = XCConfigurationList;
			buildConfigurations = (
				84C03A1B21236BE20097D405 /* Debug */,
				84C03A1C21236BE20097D405 /* Release */,
			);
			defaultConfigurationIsVisible = 0;
			defaultConfigurationName = Release;
		};
		84C03A1D21236BE20097D405 /* Build configuration list for PBXNativeTarget "TumblrUITests" */ = {
			isa = XCConfigurationList;
			buildConfigurations = (
				84C03A1E21236BE20097D405 /* Debug */,
				84C03A1F21236BE20097D405 /* Release */,
			);
			defaultConfigurationIsVisible = 0;
			defaultConfigurationName = Release;
		};
/* End XCConfigurationList section */
	};
	rootObject = 84C039E721236BE00097D405 /* Project object */;
}
